# THIS IS AN AUTOGENERATED FILE. DO NOT EDIT THIS FILE DIRECTLY.
# yarn lockfile v1


"@vue/composition-api@^0.5.0":
  version "0.5.0"
  resolved "https://registry.yarnpkg.com/@vue/composition-api/-/composition-api-0.5.0.tgz#2dbaa02a5d1f5d0d407d53d5529fe444aa8362f3"
  integrity sha512-9QDFWq7q839G1CTTaxeruPOTrrVOPSaVipJ2TxxK9QAruePNTHOGbOOFRpc8WLl4YPsu1/c29yBhMVmrXz8BZw==
  dependencies:
    tslib "^1.9.3"

tslib@^1.9.3:
  version "1.11.1"
  resolved "https://registry.yarnpkg.com/tslib/-/tslib-1.11.1.tgz#eb15d128827fbee2841549e171f45ed338ac7e35"
  integrity sha512-aZW88SY8kQbU7gpV19lN24LtXh/yD4ZZg6qieAJDDg+YBsJcSmLGK9QpnUjAKVG/xefmvJGd1WUmfpT/g6AJGA==

typescript@^3.8.3:
  version "3.8.3"
  resolved "https://registry.yarnpkg.com/typescript/-/typescript-3.8.3.tgz#409eb8544ea0335711205869ec458ab109ee1061"
  integrity sha512-MYlEfn5VrLNsgudQTVJeNaQFUAI7DkhnOjdpAp4T+ku1TfQClewlbSuTVHiA+8skNBgaf02TL/kLOvig4y3G8w==

vue@^2.6.11:
  version "2.6.11"
  resolved "https://registry.yarnpkg.com/vue/-/vue-2.6.11.tgz#76594d877d4b12234406e84e35275c6d514125c5"
  integrity sha512-VfPwgcGABbGAue9+sfrD4PuwFar7gPb1yl1UK1MwXoQPAw0BKSqWfoYCT/ThFrdEVWoI51dBuyCoiNU9bZDZxQ==

vuex@^3.3.0:
  version "3.3.0"
  resolved "https://registry.yarnpkg.com/vuex/-/vuex-3.3.0.tgz#665b4630ea1347317139fcc5cb495aab3ec5e513"
  integrity sha512-1MfcBt+YFd20DPwKe0ThhYm1UEXZya4gVKUvCy7AtS11YAOUR+9a6u4fsv1Rr6ePZCDNxW/M1zuIaswp6nNv8Q==
